
Microsoft Visual Studio Solution File, Format Version 12.00
# Visual Studio Version 17
VisualStudioVersion = 17.4.33205.214
MinimumVisualStudioVersion = 10.0.40219.1
Project("{FAE04EC0-301F-11D3-BF4B-00C04F79EFBC}") = "Bowling", "Bowling\Bowling.csproj", "{391EE1E6-3D36-40A0-A8AE-DD683325E3B5}"
EndProject
Project("{FAE04EC0-301F-11D3-BF4B-00C04F79EFBC}") = "Bowling.Test", "Bowling.Test\Bowling.Test.csproj", "{EE430471-F1E7-4E9F-8678-B0182AA65181}"
EndProject
Global
	GlobalSection(SolutionConfigurationPlatforms) = preSolution
		Debug|Any CPU = Debug|Any CPU
		Release|Any CPU = Release|Any CPU
	EndGlobalSection
	GlobalSection(ProjectConfigurationPlatforms) = postSolution
		{391EE1E6-3D36-40A0-A8AE-DD683325E3B5}.Debug|Any CPU.ActiveCfg = Debug|Any CPU
		{391EE1E6-3D36-40A0-A8AE-DD683325E3B5}.Debug|Any CPU.Build.0 = Debug|Any CPU
		{391EE1E6-3D36-40A0-A8AE-DD683325E3B5}.Release|Any CPU.ActiveCfg = Release|Any CPU
		{391EE1E6-3D36-40A0-A8AE-DD683325E3B5}.Release|Any CPU.Build.0 = Release|Any CPU
		{EE430471-F1E7-4E9F-8678-B0182AA65181}.Debug|Any CPU.ActiveCfg = Debug|Any CPU
		{EE430471-F1E7-4E9F-8678-B0182AA65181}.Debug|Any CPU.Build.0 = Debug|Any CPU
		{EE430471-F1E7-4E9F-8678-B0182AA65181}.Release|Any CPU.ActiveCfg = Release|Any CPU
		{EE430471-F1E7-4E9F-8678-B0182AA65181}.Release|Any CPU.Build.0 = Release|Any CPU
	EndGlobalSection
	GlobalSection(SolutionProperties) = preSolution
		HideSolutionNode = FALSE
	EndGlobalSection
	GlobalSection(ExtensibilityGlobals) = postSolution
		SolutionGuid = {366B2A28-7E73-4F79-BBDF-E92125649C82}
	EndGlobalSection
EndGlobal
